
Microsoft Visual Studio Solution File, Format Version 12.00
# Visual Studio Version 17
VisualStudioVersion = 17.0.31903.59
MinimumVisualStudioVersion = 10.0.40219.1
Project("{9A19103F-16F7-4668-BE54-9A1E7A4F7556}") = "Modul02", "Modul2\Modul02.csproj", "{528B433B-9502-46BD-8605-C4CA495AC097}"
EndProject
Project("{9A19103F-16F7-4668-BE54-9A1E7A4F7556}") = "Modul03", "Modul3\Modul03.csproj", "{301F4333-1C39-4309-A03E-7352E30E6666}"
EndProject
Project("{9A19103F-16F7-4668-BE54-9A1E7A4F7556}") = "Modul04", "Modul4\Modul04.csproj", "{C1E7D7BD-1585-4852-AF0E-43D3499174BC}"
EndProject
Project("{9A19103F-16F7-4668-BE54-9A1E7A4F7556}") = "Modul04MethodenPraxis", "Modul4MethodenPraxis\Modul04MethodenPraxis.csproj", "{0F7695F3-89EB-4625-A7D9-CADB3B8073B3}"
EndProject
Project("{9A19103F-16F7-4668-BE54-9A1E7A4F7556}") = "Modul04MethodenAufgabe1", "Modul4MethodenAufgaben\Modul04MethodenAufgabe1.csproj", "{6F8C6734-1AD3-40A7-B008-4CDE54175E66}"
EndProject
Project("{9A19103F-16F7-4668-BE54-9A1E7A4F7556}") = "Modul04MethodenAufgabe2", "Modul4MethodenAufgabe2\Modul04MethodenAufgabe2.csproj", "{EF830AA5-F1A3-48ED-855A-275BE7388EEF}"
EndProject
Project("{9A19103F-16F7-4668-BE54-9A1E7A4F7556}") = "Modul04MethodenAufgabe1Loesung", "Modul4MethodenAufgabe1Loesung\Modul04MethodenAufgabe1Loesung.csproj", "{A3826F6C-9060-4D4F-9F3D-6B4B83F15318}"
EndProject
Project("{9A19103F-16F7-4668-BE54-9A1E7A4F7556}") = "Modul04MethodenAufgabe2Loesung", "Modul4MethodenAufgabe2Loesung\Modul04MethodenAufgabe2Loesung.csproj", "{246EB39C-2938-415B-B2FA-0972F449EADB}"
EndProject
Project("{9A19103F-16F7-4668-BE54-9A1E7A4F7556}") = "Modul5IfElse", "Modul5IfElse\Modul5IfElse.csproj", "{458FDDD4-7540-4D9F-9ABB-C41459129602}"
EndProject
Project("{9A19103F-16F7-4668-BE54-9A1E7A4F7556}") = "Modul5BoolescheOperatoren", "Modul5BoolescheOperatoren\Modul5BoolescheOperatoren.csproj", "{6DBE49B4-E3FE-43EF-B152-EFF27930D82D}"
EndProject
Project("{9A19103F-16F7-4668-BE54-9A1E7A4F7556}") = "Modul5Switch", "Modul5Switch\Modul5Switch.csproj", "{5636FBE8-1208-4394-A097-9419EAEE39AB}"
EndProject
Project("{9A19103F-16F7-4668-BE54-9A1E7A4F7556}") = "Modul5Aufgabe1", "Modul5Aufgabe1\Modul5Aufgabe1.csproj", "{F0C955A1-E046-4E98-B0FC-9D3D7A790003}"
EndProject
Project("{9A19103F-16F7-4668-BE54-9A1E7A4F7556}") = "Modul5Aufgabe2", "Modul5Aufgabe2\Modul5Aufgabe2.csproj", "{F40CF71A-71C1-4E58-BE42-36E9D64B3045}"
EndProject
Project("{9A19103F-16F7-4668-BE54-9A1E7A4F7556}") = "Modul5Aufgabe3", "Modul5Aufgabe3\Modul5Aufgabe3.csproj", "{61C9E038-C0DF-463A-AFF2-3687F3CD95C0}"
EndProject
Project("{9A19103F-16F7-4668-BE54-9A1E7A4F7556}") = "Modul5Aufgabe4", "Modul5Aufgabe4\Modul5Aufgabe4.csproj", "{DF28F24F-FFA5-475D-9908-FF33BA4192FF}"
EndProject
Project("{9A19103F-16F7-4668-BE54-9A1E7A4F7556}") = "Modul5Aufgabe1Loesung", "Modul5Aufgabe1Loesung\Modul5Aufgabe1Loesung.csproj", "{D392F682-9785-4058-BCEA-89EAC19012EC}"
EndProject
Project("{9A19103F-16F7-4668-BE54-9A1E7A4F7556}") = "Modul5Aufgabe2Loesung", "Modul5Aufgabe2Loesung\Modul5Aufgabe2Loesung.csproj", "{B5A4E4B5-3989-4B58-A2BE-4E083BC8E931}"
EndProject
Project("{9A19103F-16F7-4668-BE54-9A1E7A4F7556}") = "Modul5Aufgabe3Loesung", "Modul5Aufgabe3Loesung\Modul5Aufgabe3Loesung.csproj", "{0AA1D72C-B10C-46AE-8A43-7115A860E7AA}"
EndProject
Project("{9A19103F-16F7-4668-BE54-9A1E7A4F7556}") = "Modul5Aufgabe4Loesung", "Modul5Aufgabe4Loesung\Modul5Aufgabe4Loesung.csproj", "{52D29696-ED4B-4F4B-81FF-FAB09E7C3C57}"
EndProject
Project("{9A19103F-16F7-4668-BE54-9A1E7A4F7556}") = "Modul04MethodenOhneRueckgabewertDefinieren", "Modul4MethodenOhneRueckgabewertDefinieren\Modul04MethodenOhneRueckgabewertDefinieren.csproj", "{76883BD1-FFFE-4607-A348-D479737E1A0F}"
EndProject
Project("{9A19103F-16F7-4668-BE54-9A1E7A4F7556}") = "Modul04MethodenMitRueckgabewertDefinieren", "Modul4MethodenMitRueckgabewertDefinieren\Modul04MethodenMitRueckgabewertDefinieren.csproj", "{13BE3105-DB58-45D6-BE16-C8948D5826CA}"
EndProject
Project("{9A19103F-16F7-4668-BE54-9A1E7A4F7556}") = "Modul5Aufgabe1New", "Modul5Aufgabe1New\Modul5Aufgabe1New.csproj", "{27B7BE93-E3EA-4396-B255-3087939E45C2}"
EndProject
Project("{9A19103F-16F7-4668-BE54-9A1E7A4F7556}") = "Modul5Aufgabe1NewLoesung", "Modul5Aufgabe1NewLoesung\Modul5Aufgabe1NewLoesung.csproj", "{7B33BEC3-E083-45BD-8B26-0DBDA4F74DBB}"
EndProject
Project("{9A19103F-16F7-4668-BE54-9A1E7A4F7556}") = "Modul5Aufgabe2New", "Modul5Aufgabe2New\Modul5Aufgabe2New.csproj", "{B82A0549-73F7-497E-B92F-B349CE99FEEB}"
EndProject
Project("{9A19103F-16F7-4668-BE54-9A1E7A4F7556}") = "Modul5Aufgabe2NewLoesung", "Modul5Aufgabe2NewLoesung\Modul5Aufgabe2NewLoesung.csproj", "{35BFAB2A-AFCF-47E0-8F70-EDD491CF7F19}"
EndProject
Project("{9A19103F-16F7-4668-BE54-9A1E7A4F7556}") = "Modul5Aufgabe3New", "Modul5Aufgabe3New\Modul5Aufgabe3New.csproj", "{F0CD6B20-E4C0-4BA7-96F1-850722B32451}"
EndProject
Project("{9A19103F-16F7-4668-BE54-9A1E7A4F7556}") = "Modul5Aufgabe3NewLoesung", "Modul5Aufgabe3NewLoesung\Modul5Aufgabe3NewLoesung.csproj", "{31EA972A-65C1-4F5F-8689-276B4A0D8FF9}"
EndProject
Project("{9A19103F-16F7-4668-BE54-9A1E7A4F7556}") = "Modul61DArrays", "Modul61DArrays\Modul61DArrays.csproj", "{96F9474D-99AC-489D-A784-78C36A203629}"
EndProject
Project("{9A19103F-16F7-4668-BE54-9A1E7A4F7556}") = "Modul62DArrays", "Modul62DArrays\Modul62DArrays.csproj", "{1352C7B1-A2B1-4F05-BFF6-8798913C3FC6}"
EndProject
Project("{9A19103F-16F7-4668-BE54-9A1E7A4F7556}") = "Modul6Aufgaben", "Modul6Aufgaben\Modul6Aufgaben.csproj", "{753ECA49-1BA7-4CF0-8FD4-8C6EEB28C0ED}"
EndProject
Project("{9A19103F-16F7-4668-BE54-9A1E7A4F7556}") = "Modul7WhileUndDoWhileSchleife", "Modul7WhileUndDoWhileSchleife\Modul7WhileUndDoWhileSchleife.csproj", "{58CD7F2F-6B0E-4CC1-9814-1529E2F1E091}"
EndProject
Project("{9A19103F-16F7-4668-BE54-9A1E7A4F7556}") = "Modul7ForSchleife", "Modul7ForSchleife\Modul7ForSchleife.csproj", "{4A41F465-380D-405C-9DD1-86F32C71438F}"
EndProject
Project("{9A19103F-16F7-4668-BE54-9A1E7A4F7556}") = "Modul7ForeachSchleife", "Modul7ForeachSchleife\Modul7ForeachSchleife.csproj", "{6C936A68-645A-47E6-AD4A-4A446368D9DB}"
EndProject
Project("{9A19103F-16F7-4668-BE54-9A1E7A4F7556}") = "Modul7BreakUndContinue", "Modul7BreakUndContinue\Modul7BreakUndContinue.csproj", "{44756B57-B8DC-429C-B246-F35299DCD089}"
EndProject
Project("{9A19103F-16F7-4668-BE54-9A1E7A4F7556}") = "Modul7Aufgabe1", "Modul7Aufgabe1\Modul7Aufgabe1.csproj", "{0089A2DE-3BA6-4777-BADA-7F6BA41E19AA}"
EndProject
Project("{9A19103F-16F7-4668-BE54-9A1E7A4F7556}") = "Modul7Aufgabe2", "Modul7Aufgabe2\Modul7Aufgabe2.csproj", "{51A929DC-1546-4E62-9B5F-A817F1019A82}"
EndProject
Project("{9A19103F-16F7-4668-BE54-9A1E7A4F7556}") = "Modul7Aufgabe3", "Modul7Aufgabe3\Modul7Aufgabe3.csproj", "{C28758CB-92BC-451F-9603-B30EF728AD01}"
EndProject
Project("{9A19103F-16F7-4668-BE54-9A1E7A4F7556}") = "Modul7Aufgabe4", "Modul7Aufgabe4\Modul7Aufgabe4.csproj", "{FB41869A-E281-4142-B1EB-5D2C7BAB4A33}"
EndProject
Project("{9A19103F-16F7-4668-BE54-9A1E7A4F7556}") = "Modul7Aufgabe1Loesung", "Modul7Aufgabe1Loesung\Modul7Aufgabe1Loesung.csproj", "{3B40F531-958E-4C23-BE59-BB6920D6A56D}"
EndProject
Project("{9A19103F-16F7-4668-BE54-9A1E7A4F7556}") = "Modul7Aufgabe2Loesung", "Modul7Aufgabe2Loesung\Modul7Aufgabe2Loesung.csproj", "{13E4F7C9-EF7E-40B9-93ED-3B6CCC0E39B9}"
EndProject
Project("{9A19103F-16F7-4668-BE54-9A1E7A4F7556}") = "Modul7Aufgabe3Loesung", "Modul7Aufgabe3Loesung\Modul7Aufgabe3Loesung.csproj", "{570EDCBD-165B-4639-99B8-7F4D3AC2BF06}"
EndProject
Project("{9A19103F-16F7-4668-BE54-9A1E7A4F7556}") = "Modul7Aufgabe4Loesung", "Modul7Aufgabe4Loesung\Modul7Aufgabe4Loesung.csproj", "{6348525B-2C28-4EC1-A0EC-40D777F60959}"
EndProject
Project("{9A19103F-16F7-4668-BE54-9A1E7A4F7556}") = "Modul7Aufgabe5", "Modul7Aufgabe5\Modul7Aufgabe5.csproj", "{B338C285-618C-42B0-AD32-D728AC2F4860}"
EndProject
Project("{9A19103F-16F7-4668-BE54-9A1E7A4F7556}") = "Modul7Aufgabe5Loesung", "Modul7Aufgabe5Loesung\Modul7Aufgabe5Loesung.csproj", "{BEA3696C-206C-4D00-8452-380388B447EA}"
EndProject
Project("{9A19103F-16F7-4668-BE54-9A1E7A4F7556}") = "Modul7Aufgabe6", "Modul7Aufgabe6\Modul7Aufgabe6.csproj", "{8EEEDFC6-C669-4C83-B70B-78254A4B62DB}"
EndProject
Project("{9A19103F-16F7-4668-BE54-9A1E7A4F7556}") = "Modul7Aufgabe6Loesung", "Modul7Aufgabe6Loesung\Modul7Aufgabe6Loesung.csproj", "{E119081E-F1A0-4B5B-944E-25EE5D2EF107}"
EndProject
Project("{9A19103F-16F7-4668-BE54-9A1E7A4F7556}") = "Modul7Aufgabe7Loesung", "Modul7Aufgabe7Loesung\Modul7Aufgabe7Loesung.csproj", "{64936B65-E46C-4BE0-8981-01E06CBBE29C}"
EndProject
Project("{9A19103F-16F7-4668-BE54-9A1E7A4F7556}") = "Modul7Aufgabe7", "Modul7Aufgabe7\Modul7Aufgabe7.csproj", "{B88A2600-7702-4A90-A3CD-3389AADD33DB}"
EndProject
Project("{9A19103F-16F7-4668-BE54-9A1E7A4F7556}") = "Modul7Aufgabe8Loesung", "Modul7Aufgabe8Loesung\Modul7Aufgabe8Loesung.csproj", "{9A61A243-29B6-4248-917E-15760A854FB5}"
EndProject
Project("{9A19103F-16F7-4668-BE54-9A1E7A4F7556}") = "Modul7Aufgabe8", "Modul7Aufgabe8\Modul7Aufgabe8.csproj", "{C1FD4A5C-FE92-45CC-9477-3E227C9742E0}"
EndProject
Project("{9A19103F-16F7-4668-BE54-9A1E7A4F7556}") = "Modul08Hangman", "Modul8Hangman\Modul08Hangman.csproj", "{07C6CFB3-A30C-4C17-86F0-98878D9AFED6}"
EndProject
Project("{9A19103F-16F7-4668-BE54-9A1E7A4F7556}") = "Modul09Typenkonvertierung", "Modul9Typenkonvertierung\Modul09Typenkonvertierung.csproj", "{93F60816-45CE-4992-AD12-4003CB429C77}"
EndProject
Project("{9A19103F-16F7-4668-BE54-9A1E7A4F7556}") = "Modul10KlassenDefinierenUndInstanzieren", "Modul10KlassenDefinierenUndInstanzieren\Modul10KlassenDefinierenUndInstanzieren.csproj", "{C7B55C07-FD25-4EA4-8C88-F03078A20B82}"
EndProject
Project("{9A19103F-16F7-4668-BE54-9A1E7A4F7556}") = "Modul10EigenschaftenUndDatenkapselung", "Modul10EigenschaftenUndDatenkapselung\Modul10EigenschaftenUndDatenkapselung.csproj", "{84984B3E-D35B-4A49-B79E-D86574379047}"
EndProject
Project("{9A19103F-16F7-4668-BE54-9A1E7A4F7556}") = "Modul10Konstruktor", "Modul10Konstruktor\Modul10Konstruktor.csproj", "{09BE5EE0-EB0E-4E7D-B4E7-D70580AE922E}"
EndProject
Project("{9A19103F-16F7-4668-BE54-9A1E7A4F7556}") = "Modul10StatischeKlassenUndMethoden", "Modul10StatischeKlassenUndMethoden\Modul10StatischeKlassenUndMethoden.csproj", "{B480EC31-F7BB-47D8-9F0F-46CDEC68509B}"
EndProject
Project("{9A19103F-16F7-4668-BE54-9A1E7A4F7556}") = "Modul10Vererbung", "Modul10Vererbung\Modul10Vererbung.csproj", "{8E5D2B65-334D-4526-94F2-42324F29BB42}"
EndProject
Project("{9A19103F-16F7-4668-BE54-9A1E7A4F7556}") = "Modul10VererbteKonstruktoren", "Modul10VererbteKonstruktoren\Modul10VererbteKonstruktoren.csproj", "{2E775D04-F9E3-49C7-BC50-97081F26AA64}"
EndProject
Project("{9A19103F-16F7-4668-BE54-9A1E7A4F7556}") = "Modul10SchluesselwoerterIsUndAs", "Modul10SchluesselwoerterIsUndAs\Modul10SchluesselwoerterIsUndAs.csproj", "{4F2D5326-3636-4C28-AD8B-0C2E240A5CF4}"
EndProject
Project("{9A19103F-16F7-4668-BE54-9A1E7A4F7556}") = "Modul10Aufgabe1", "Modul10Aufgabe1\Modul10Aufgabe1.csproj", "{6FEEC34B-895D-495B-AF44-54F362A8A177}"
EndProject
Project("{9A19103F-16F7-4668-BE54-9A1E7A4F7556}") = "Modul10Aufgabe3", "Modul10Aufgabe3\Modul10Aufgabe3.csproj", "{8D0990D0-99C5-4013-9CFD-219D6CB91408}"
EndProject
Project("{9A19103F-16F7-4668-BE54-9A1E7A4F7556}") = "Modul10Aufgabe4", "Modul10Aufgabe4\Modul10Aufgabe4.csproj", "{9E1426DF-2284-48F5-8267-345D49FDE6B7}"
EndProject
Project("{9A19103F-16F7-4668-BE54-9A1E7A4F7556}") = "Modul10Aufgabe1Loesung", "Modul10Aufgabe1Loesung\Modul10Aufgabe1Loesung.csproj", "{14DE6428-1574-43B8-8423-31634C09A9E4}"
EndProject
Project("{9A19103F-16F7-4668-BE54-9A1E7A4F7556}") = "Modul10Aufgabe3Loesung", "Modul10Aufgabe3Loesung\Modul10Aufgabe3Loesung.csproj", "{9AEF5E45-CFAE-4F96-95AB-6B7EBA361792}"
EndProject
Project("{9A19103F-16F7-4668-BE54-9A1E7A4F7556}") = "Modul10Aufgabe4Loesung", "Modul10Aufgabe4Loesung\Modul10Aufgabe4Loesung.csproj", "{5B1CF0BF-AD43-48B6-8A25-0A0F11A513B2}"
EndProject
Project("{9A19103F-16F7-4668-BE54-9A1E7A4F7556}") = "Modul11Interfaces", "Modul11InterfacesDefinieren\Modul11Interfaces.csproj", "{55C9EB90-D004-416B-883C-770D90F6D700}"
EndProject
Project("{9A19103F-16F7-4668-BE54-9A1E7A4F7556}") = "Modul11Aufgabe1", "Modul11Aufgabe1\Modul11Aufgabe1.csproj", "{8FB1C0C7-0655-40C5-8952-9083897D8326}"
EndProject
Project("{9A19103F-16F7-4668-BE54-9A1E7A4F7556}") = "Modul11Aufgabe2", "Modul11Aufgabe2\Modul11Aufgabe2.csproj", "{A6C64B27-ADA7-4DBA-8313-5C2CB07E09D7}"
EndProject
Project("{9A19103F-16F7-4668-BE54-9A1E7A4F7556}") = "Modul11Aufgabe1Loesung", "Modul11Aufgabe1Loesung\Modul11Aufgabe1Loesung.csproj", "{74FCA749-211B-4A51-95C0-7447392AA55B}"
EndProject
Project("{9A19103F-16F7-4668-BE54-9A1E7A4F7556}") = "Modul11Aufgabe2Loesung", "Modul11Aufgabe2Loesung\Modul11Aufgabe2Loesung.csproj", "{E999D1FD-C2E0-4E43-AA33-14AFFE736C19}"
EndProject
Project("{9A19103F-16F7-4668-BE54-9A1E7A4F7556}") = "Modul12AbstrkteKlassen", "Modul12AbstrkteKlassen\Modul12AbstrkteKlassen.csproj", "{1700B02C-648D-49E4-AA56-715C59011B42}"
EndProject
Project("{9A19103F-16F7-4668-BE54-9A1E7A4F7556}") = "Modul12VirtuelleMethoden", "Modul12VirtuelleMethoden\Modul12VirtuelleMethoden.csproj", "{69729511-8B67-4F94-BBC5-530F086C989C}"
EndProject
Project("{9A19103F-16F7-4668-BE54-9A1E7A4F7556}") = "Modul12Aufgab1", "Modul12Aufgab1\Modul12Aufgab1.csproj", "{4038E95B-06B0-41FB-91D6-E0701A877ECB}"
EndProject
Project("{9A19103F-16F7-4668-BE54-9A1E7A4F7556}") = "Modul12Aufgabe2", "Modul12Aufgabe2\Modul12Aufgabe2.csproj", "{ABBAC227-0285-4E11-BB4B-2057F5F5C2D0}"
EndProject
Project("{9A19103F-16F7-4668-BE54-9A1E7A4F7556}") = "Modul12Aufgabe1Loesung", "Modul12Aufgabe1Loesung\Modul12Aufgabe1Loesung.csproj", "{F7078DD1-488F-4872-94C0-8131787D685F}"
EndProject
Project("{9A19103F-16F7-4668-BE54-9A1E7A4F7556}") = "Modul12Aufgabe2Loesung", "Modul12Aufgabe2Loesung\Modul12Aufgabe2Loesung.csproj", "{36B45231-6253-4D9C-8E64-0FF91D8182D4}"
EndProject
Project("{9A19103F-16F7-4668-BE54-9A1E7A4F7556}") = "Modul13MethodenUeberladen", "Modul13MethodenUeberladen\Modul13MethodenUeberladen.csproj", "{E922B200-845A-4461-9AFD-F37CAB81D017}"
EndProject
Project("{9A19103F-16F7-4668-BE54-9A1E7A4F7556}") = "Modul13Aufgabe1", "Modul13Aufgabe1\Modul13Aufgabe1.csproj", "{D0971D34-F6FB-4D48-8BC7-C87D46B221E6}"
EndProject
Project("{9A19103F-16F7-4668-BE54-9A1E7A4F7556}") = "Modul13Aufgabe1Loesung", "Modul13Aufgabe1Loesung\Modul13Aufgabe1Loesung.csproj", "{B1F5CAEE-5DF6-4A2C-95F2-837FE55B8974}"
EndProject
Project("{9A19103F-16F7-4668-BE54-9A1E7A4F7556}") = "Modul13Aufgabe2", "Modul13Aufgabe2\Modul13Aufgabe2.csproj", "{666E92F0-23F7-4A32-8059-046C137F24DB}"
EndProject
Project("{9A19103F-16F7-4668-BE54-9A1E7A4F7556}") = "Modul13Aufgabe2Loesung", "Modul13Aufgabe2Loesung\Modul13Aufgabe2Loesung.csproj", "{B6D8D6F6-E2FB-4B70-AD15-6A9D447AD745}"
EndProject
Project("{9A19103F-16F7-4668-BE54-9A1E7A4F7556}") = "Modul14Structs", "Modul14Structs\Modul14Structs.csproj", "{56AA9F6E-ADEA-4794-98C4-7D480054C794}"
EndProject
Project("{9A19103F-16F7-4668-BE54-9A1E7A4F7556}") = "Modul14StructsStopWatch", "Modul14StructsStopWatch\Modul14StructsStopWatch.csproj", "{D163DF55-AF8B-44BF-9B92-0E14DFA43BA9}"
EndProject
Project("{9A19103F-16F7-4668-BE54-9A1E7A4F7556}") = "Modul14Enums", "Modul14Enums\Modul14Enums.csproj", "{5EF5AAA2-0847-4E11-8F7A-F9639420F5E4}"
EndProject
Project("{9A19103F-16F7-4668-BE54-9A1E7A4F7556}") = "Modul15Lists_Collections", "Modul15Lists_Collections\Modul15Lists_Collections.csproj", "{AF3F30C6-987A-4762-BB57-39DEAFA1B6ED}"
EndProject
Project("{9A19103F-16F7-4668-BE54-9A1E7A4F7556}") = "Modul15Stacks_Collections", "Modul15Stacks_Collections\Modul15Stacks_Collections.csproj", "{560AB2D7-B2E9-424D-A367-BA6BBC16B292}"
EndProject
Project("{9A19103F-16F7-4668-BE54-9A1E7A4F7556}") = "Modul15Queues_Collections", "Modul15Queues_Collections\Modul15Queues_Collections.csproj", "{0263DCB5-CFC3-452E-A03B-A275E88D0168}"
EndProject
Project("{9A19103F-16F7-4668-BE54-9A1E7A4F7556}") = "Modul15Dictionaries_Collections", "Modul15Dictionaries_Collections\Modul15Dictionaries_Collections.csproj", "{80D69CDB-D2BF-426F-9E3E-48801A3BBF9D}"
EndProject
Project("{9A19103F-16F7-4668-BE54-9A1E7A4F7556}") = "Modul15Aufgabe1", "Modul15Aufgabe1\Modul15Aufgabe1.csproj", "{12CDC86D-BD58-4B3A-AED4-544FC0E1A267}"
EndProject
Project("{9A19103F-16F7-4668-BE54-9A1E7A4F7556}") = "Modul15Aufgabe1Loesung", "Modul15Aufgabe1Loesung\Modul15Aufgabe1Loesung.csproj", "{82ACF7A0-1B4B-4528-89E6-70A9954B4129}"
EndProject
Project("{9A19103F-16F7-4668-BE54-9A1E7A4F7556}") = "Modul16GenerischeKlassen", "Modul16GenerischeKlassen\Modul16GenerischeKlassen.csproj", "{40838F53-AED4-41D6-A6D0-4976B7C16530}"
EndProject
Project("{9A19103F-16F7-4668-BE54-9A1E7A4F7556}") = "Modul16GenerischeMethoden", "Modul16GenerischeMethoden\Modul16GenerischeMethoden.csproj", "{2685D23D-0531-40F6-840D-D69886F919F0}"
EndProject
Project("{9A19103F-16F7-4668-BE54-9A1E7A4F7556}") = "Modul17Delegates", "Modul17Delegates\Modul17Delegates.csproj", "{4AABEBD7-39D0-41F2-A600-14321EEBF72C}"
EndProject
Project("{9A19103F-16F7-4668-BE54-9A1E7A4F7556}") = "Modul17AnonymeMethodenUndLambdaAusdrücke", "Modul17AnonymeMethodenUndLambdaAusdrücke\Modul17AnonymeMethodenUndLambdaAusdrücke.csproj", "{EA0F8097-E27D-45CB-959F-E1427070F597}"
EndProject
Project("{9A19103F-16F7-4668-BE54-9A1E7A4F7556}") = "Modul17MulticastDelegates", "Modul17MulticastDelegates\Modul17MulticastDelegates.csproj", "{EC9F189A-931F-4EF3-A52C-164A7694BEF7}"
EndProject
Project("{9A19103F-16F7-4668-BE54-9A1E7A4F7556}") = "Modul18EventsDefinierenUndAusloesen", "Modul18EventsDefinierenUndAusloesen\Modul18EventsDefinierenUndAusloesen.csproj", "{9D4183C4-BCAB-48C2-A93F-146FF0C9AE05}"
EndProject
Project("{9A19103F-16F7-4668-BE54-9A1E7A4F7556}") = "Modul18EventArgsVerwenden", "Modul18EventArgsVerwenden\Modul18EventArgsVerwenden.csproj", "{25237914-8EC9-42D2-B9CF-18B5E17A57F1}"
EndProject
Project("{9A19103F-16F7-4668-BE54-9A1E7A4F7556}") = "Modul19TryCatch", "Modul19TryCatch\Modul19TryCatch.csproj", "{75D9D5DD-F30C-4C1B-B01C-0BEF1E8E6C3F}"
EndProject
Project("{9A19103F-16F7-4668-BE54-9A1E7A4F7556}") = "Modul20MathClass", "Modul20MathClass\Modul20MathClass.csproj", "{014F91E5-A0A8-4624-BEA5-224AC070246F}"
EndProject
Project("{9A19103F-16F7-4668-BE54-9A1E7A4F7556}") = "Modul21RandomNextMethode", "Modul21RandomNextMethode\Modul21RandomNextMethode.csproj", "{63DD5C0E-2805-465D-BDDE-50E6BFD2F526}"
EndProject
Project("{9A19103F-16F7-4668-BE54-9A1E7A4F7556}") = "Modul21RandomNextDoubleMethode", "Modul21RandomNextDoubleMethode\Modul21RandomNextDoubleMethode.csproj", "{87411E5F-E9EC-4907-A497-494CB7BE6D98}"
EndProject
Project("{9A19103F-16F7-4668-BE54-9A1E7A4F7556}") = "Modul21RandomNextBytesMethode", "Modul21RandomNextBytesMethode\Modul21RandomNextBytesMethode.csproj", "{0464D6EC-7E3F-4ED2-8D20-732EEECF0F39}"
EndProject
Project("{9A19103F-16F7-4668-BE54-9A1E7A4F7556}") = "Modul21KonstruktorVonRandomUndDerSeed", "Modul21KonstruktorVonRandomUndDerSeed\Modul21KonstruktorVonRandomUndDerSeed.csproj", "{C5E6CCF0-00AD-4831-BA3C-7215E016469C}"
EndProject
Project("{9A19103F-16F7-4668-BE54-9A1E7A4F7556}") = "Modul22DirectoryInfo", "Modul22DirectoryInfo\Modul22DirectoryInfo.csproj", "{C1DEB1EE-3EC5-4C94-AF92-64AFC0C388CC}"
EndProject
Project("{9A19103F-16F7-4668-BE54-9A1E7A4F7556}") = "Modul22FileInfo", "Modul22FileUndFileInfo\Modul22FileInfo.csproj", "{B1517746-0BD3-404D-8A2E-A24EEC03EB31}"
EndProject
Project("{9A19103F-16F7-4668-BE54-9A1E7A4F7556}") = "Modul22StreamReader", "Modul22StreamReader\Modul22StreamReader.csproj", "{E2A208D2-ED8C-4B55-B630-3922B6C2B0D5}"
EndProject
Project("{9A19103F-16F7-4668-BE54-9A1E7A4F7556}") = "Modul22StreamWriter", "Modul22StreamWriter\Modul22StreamWriter.csproj", "{F2731CCC-7773-4103-8D33-1345E448B4BC}"
EndProject
Project("{9A19103F-16F7-4668-BE54-9A1E7A4F7556}") = "Modul22UsingStatement", "Modul22UsingStatement\Modul22UsingStatement.csproj", "{9781013C-2385-4BF3-B076-E7D11077592D}"
EndProject
Project("{FAE04EC0-301F-11D3-BF4B-00C04F79EFBC}") = "Modul23PraxisprojektBuchhaltungssoftware", "Modul23PraxisprojektBuchhaltungssoftware\Modul23PraxisprojektBuchhaltungssoftware.csproj", "{B447E861-D8C6-478B-BB91-4E294A7193ED}"
EndProject
Global
	GlobalSection(SolutionConfigurationPlatforms) = preSolution
		Debug|Any CPU = Debug|Any CPU
		Release|Any CPU = Release|Any CPU
	EndGlobalSection
	GlobalSection(ProjectConfigurationPlatforms) = postSolution
		{528B433B-9502-46BD-8605-C4CA495AC097}.Debug|Any CPU.ActiveCfg = Debug|Any CPU
		{528B433B-9502-46BD-8605-C4CA495AC097}.Debug|Any CPU.Build.0 = Debug|Any CPU
		{528B433B-9502-46BD-8605-C4CA495AC097}.Release|Any CPU.ActiveCfg = Release|Any CPU
		{528B433B-9502-46BD-8605-C4CA495AC097}.Release|Any CPU.Build.0 = Release|Any CPU
		{301F4333-1C39-4309-A03E-7352E30E6666}.Debug|Any CPU.ActiveCfg = Debug|Any CPU
		{301F4333-1C39-4309-A03E-7352E30E6666}.Debug|Any CPU.Build.0 = Debug|Any CPU
		{301F4333-1C39-4309-A03E-7352E30E6666}.Release|Any CPU.ActiveCfg = Release|Any CPU
		{301F4333-1C39-4309-A03E-7352E30E6666}.Release|Any CPU.Build.0 = Release|Any CPU
		{C1E7D7BD-1585-4852-AF0E-43D3499174BC}.Debug|Any CPU.ActiveCfg = Debug|Any CPU
		{C1E7D7BD-1585-4852-AF0E-43D3499174BC}.Debug|Any CPU.Build.0 = Debug|Any CPU
		{C1E7D7BD-1585-4852-AF0E-43D3499174BC}.Release|Any CPU.ActiveCfg = Release|Any CPU
		{C1E7D7BD-1585-4852-AF0E-43D3499174BC}.Release|Any CPU.Build.0 = Release|Any CPU
		{0F7695F3-89EB-4625-A7D9-CADB3B8073B3}.Debug|Any CPU.ActiveCfg = Debug|Any CPU
		{0F7695F3-89EB-4625-A7D9-CADB3B8073B3}.Debug|Any CPU.Build.0 = Debug|Any CPU
		{0F7695F3-89EB-4625-A7D9-CADB3B8073B3}.Release|Any CPU.ActiveCfg = Release|Any CPU
		{0F7695F3-89EB-4625-A7D9-CADB3B8073B3}.Release|Any CPU.Build.0 = Release|Any CPU
		{6F8C6734-1AD3-40A7-B008-4CDE54175E66}.Debug|Any CPU.ActiveCfg = Debug|Any CPU
		{6F8C6734-1AD3-40A7-B008-4CDE54175E66}.Debug|Any CPU.Build.0 = Debug|Any CPU
		{6F8C6734-1AD3-40A7-B008-4CDE54175E66}.Release|Any CPU.ActiveCfg = Release|Any CPU
		{6F8C6734-1AD3-40A7-B008-4CDE54175E66}.Release|Any CPU.Build.0 = Release|Any CPU
		{EF830AA5-F1A3-48ED-855A-275BE7388EEF}.Debug|Any CPU.ActiveCfg = Debug|Any CPU
		{EF830AA5-F1A3-48ED-855A-275BE7388EEF}.Debug|Any CPU.Build.0 = Debug|Any CPU
		{EF830AA5-F1A3-48ED-855A-275BE7388EEF}.Release|Any CPU.ActiveCfg = Release|Any CPU
		{EF830AA5-F1A3-48ED-855A-275BE7388EEF}.Release|Any CPU.Build.0 = Release|Any CPU
		{A3826F6C-9060-4D4F-9F3D-6B4B83F15318}.Debug|Any CPU.ActiveCfg = Debug|Any CPU
		{A3826F6C-9060-4D4F-9F3D-6B4B83F15318}.Debug|Any CPU.Build.0 = Debug|Any CPU
		{A3826F6C-9060-4D4F-9F3D-6B4B83F15318}.Release|Any CPU.ActiveCfg = Release|Any CPU
		{A3826F6C-9060-4D4F-9F3D-6B4B83F15318}.Release|Any CPU.Build.0 = Release|Any CPU
		{246EB39C-2938-415B-B2FA-0972F449EADB}.Debug|Any CPU.ActiveCfg = Debug|Any CPU
		{246EB39C-2938-415B-B2FA-0972F449EADB}.Debug|Any CPU.Build.0 = Debug|Any CPU
		{246EB39C-2938-415B-B2FA-0972F449EADB}.Release|Any CPU.ActiveCfg = Release|Any CPU
		{246EB39C-2938-415B-B2FA-0972F449EADB}.Release|Any CPU.Build.0 = Release|Any CPU
		{458FDDD4-7540-4D9F-9ABB-C41459129602}.Debug|Any CPU.ActiveCfg = Debug|Any CPU
		{458FDDD4-7540-4D9F-9ABB-C41459129602}.Debug|Any CPU.Build.0 = Debug|Any CPU
		{458FDDD4-7540-4D9F-9ABB-C41459129602}.Release|Any CPU.ActiveCfg = Release|Any CPU
		{458FDDD4-7540-4D9F-9ABB-C41459129602}.Release|Any CPU.Build.0 = Release|Any CPU
		{6DBE49B4-E3FE-43EF-B152-EFF27930D82D}.Debug|Any CPU.ActiveCfg = Debug|Any CPU
		{6DBE49B4-E3FE-43EF-B152-EFF27930D82D}.Debug|Any CPU.Build.0 = Debug|Any CPU
		{6DBE49B4-E3FE-43EF-B152-EFF27930D82D}.Release|Any CPU.ActiveCfg = Release|Any CPU
		{6DBE49B4-E3FE-43EF-B152-EFF27930D82D}.Release|Any CPU.Build.0 = Release|Any CPU
		{5636FBE8-1208-4394-A097-9419EAEE39AB}.Debug|Any CPU.ActiveCfg = Debug|Any CPU
		{5636FBE8-1208-4394-A097-9419EAEE39AB}.Debug|Any CPU.Build.0 = Debug|Any CPU
		{5636FBE8-1208-4394-A097-9419EAEE39AB}.Release|Any CPU.ActiveCfg = Release|Any CPU
		{5636FBE8-1208-4394-A097-9419EAEE39AB}.Release|Any CPU.Build.0 = Release|Any CPU
		{F0C955A1-E046-4E98-B0FC-9D3D7A790003}.Debug|Any CPU.ActiveCfg = Debug|Any CPU
		{F0C955A1-E046-4E98-B0FC-9D3D7A790003}.Debug|Any CPU.Build.0 = Debug|Any CPU
		{F0C955A1-E046-4E98-B0FC-9D3D7A790003}.Release|Any CPU.ActiveCfg = Release|Any CPU
		{F0C955A1-E046-4E98-B0FC-9D3D7A790003}.Release|Any CPU.Build.0 = Release|Any CPU
		{F40CF71A-71C1-4E58-BE42-36E9D64B3045}.Debug|Any CPU.ActiveCfg = Debug|Any CPU
		{F40CF71A-71C1-4E58-BE42-36E9D64B3045}.Debug|Any CPU.Build.0 = Debug|Any CPU
		{F40CF71A-71C1-4E58-BE42-36E9D64B3045}.Release|Any CPU.ActiveCfg = Release|Any CPU
		{F40CF71A-71C1-4E58-BE42-36E9D64B3045}.Release|Any CPU.Build.0 = Release|Any CPU
		{61C9E038-C0DF-463A-AFF2-3687F3CD95C0}.Debug|Any CPU.ActiveCfg = Debug|Any CPU
		{61C9E038-C0DF-463A-AFF2-3687F3CD95C0}.Debug|Any CPU.Build.0 = Debug|Any CPU
		{61C9E038-C0DF-463A-AFF2-3687F3CD95C0}.Release|Any CPU.ActiveCfg = Release|Any CPU
		{61C9E038-C0DF-463A-AFF2-3687F3CD95C0}.Release|Any CPU.Build.0 = Release|Any CPU
		{DF28F24F-FFA5-475D-9908-FF33BA4192FF}.Debug|Any CPU.ActiveCfg = Debug|Any CPU
		{DF28F24F-FFA5-475D-9908-FF33BA4192FF}.Debug|Any CPU.Build.0 = Debug|Any CPU
		{DF28F24F-FFA5-475D-9908-FF33BA4192FF}.Release|Any CPU.ActiveCfg = Release|Any CPU
		{DF28F24F-FFA5-475D-9908-FF33BA4192FF}.Release|Any CPU.Build.0 = Release|Any CPU
		{D392F682-9785-4058-BCEA-89EAC19012EC}.Debug|Any CPU.ActiveCfg = Debug|Any CPU
		{D392F682-9785-4058-BCEA-89EAC19012EC}.Debug|Any CPU.Build.0 = Debug|Any CPU
		{D392F682-9785-4058-BCEA-89EAC19012EC}.Release|Any CPU.ActiveCfg = Release|Any CPU
		{D392F682-9785-4058-BCEA-89EAC19012EC}.Release|Any CPU.Build.0 = Release|Any CPU
		{B5A4E4B5-3989-4B58-A2BE-4E083BC8E931}.Debug|Any CPU.ActiveCfg = Debug|Any CPU
		{B5A4E4B5-3989-4B58-A2BE-4E083BC8E931}.Debug|Any CPU.Build.0 = Debug|Any CPU
		{B5A4E4B5-3989-4B58-A2BE-4E083BC8E931}.Release|Any CPU.ActiveCfg = Release|Any CPU
		{B5A4E4B5-3989-4B58-A2BE-4E083BC8E931}.Release|Any CPU.Build.0 = Release|Any CPU
		{0AA1D72C-B10C-46AE-8A43-7115A860E7AA}.Debug|Any CPU.ActiveCfg = Debug|Any CPU
		{0AA1D72C-B10C-46AE-8A43-7115A860E7AA}.Debug|Any CPU.Build.0 = Debug|Any CPU
		{0AA1D72C-B10C-46AE-8A43-7115A860E7AA}.Release|Any CPU.ActiveCfg = Release|Any CPU
		{0AA1D72C-B10C-46AE-8A43-7115A860E7AA}.Release|Any CPU.Build.0 = Release|Any CPU
		{52D29696-ED4B-4F4B-81FF-FAB09E7C3C57}.Debug|Any CPU.ActiveCfg = Debug|Any CPU
		{52D29696-ED4B-4F4B-81FF-FAB09E7C3C57}.Debug|Any CPU.Build.0 = Debug|Any CPU
		{52D29696-ED4B-4F4B-81FF-FAB09E7C3C57}.Release|Any CPU.ActiveCfg = Release|Any CPU
		{52D29696-ED4B-4F4B-81FF-FAB09E7C3C57}.Release|Any CPU.Build.0 = Release|Any CPU
		{76883BD1-FFFE-4607-A348-D479737E1A0F}.Debug|Any CPU.ActiveCfg = Debug|Any CPU
		{76883BD1-FFFE-4607-A348-D479737E1A0F}.Debug|Any CPU.Build.0 = Debug|Any CPU
		{76883BD1-FFFE-4607-A348-D479737E1A0F}.Release|Any CPU.ActiveCfg = Release|Any CPU
		{76883BD1-FFFE-4607-A348-D479737E1A0F}.Release|Any CPU.Build.0 = Release|Any CPU
		{13BE3105-DB58-45D6-BE16-C8948D5826CA}.Debug|Any CPU.ActiveCfg = Debug|Any CPU
		{13BE3105-DB58-45D6-BE16-C8948D5826CA}.Debug|Any CPU.Build.0 = Debug|Any CPU
		{13BE3105-DB58-45D6-BE16-C8948D5826CA}.Release|Any CPU.ActiveCfg = Release|Any CPU
		{13BE3105-DB58-45D6-BE16-C8948D5826CA}.Release|Any CPU.Build.0 = Release|Any CPU
		{27B7BE93-E3EA-4396-B255-3087939E45C2}.Debug|Any CPU.ActiveCfg = Debug|Any CPU
		{27B7BE93-E3EA-4396-B255-3087939E45C2}.Debug|Any CPU.Build.0 = Debug|Any CPU
		{27B7BE93-E3EA-4396-B255-3087939E45C2}.Release|Any CPU.ActiveCfg = Release|Any CPU
		{27B7BE93-E3EA-4396-B255-3087939E45C2}.Release|Any CPU.Build.0 = Release|Any CPU
		{7B33BEC3-E083-45BD-8B26-0DBDA4F74DBB}.Debug|Any CPU.ActiveCfg = Debug|Any CPU
		{7B33BEC3-E083-45BD-8B26-0DBDA4F74DBB}.Debug|Any CPU.Build.0 = Debug|Any CPU
		{7B33BEC3-E083-45BD-8B26-0DBDA4F74DBB}.Release|Any CPU.ActiveCfg = Release|Any CPU
		{7B33BEC3-E083-45BD-8B26-0DBDA4F74DBB}.Release|Any CPU.Build.0 = Release|Any CPU
		{B82A0549-73F7-497E-B92F-B349CE99FEEB}.Debug|Any CPU.ActiveCfg = Debug|Any CPU
		{B82A0549-73F7-497E-B92F-B349CE99FEEB}.Debug|Any CPU.Build.0 = Debug|Any CPU
		{B82A0549-73F7-497E-B92F-B349CE99FEEB}.Release|Any CPU.ActiveCfg = Release|Any CPU
		{B82A0549-73F7-497E-B92F-B349CE99FEEB}.Release|Any CPU.Build.0 = Release|Any CPU
		{35BFAB2A-AFCF-47E0-8F70-EDD491CF7F19}.Debug|Any CPU.ActiveCfg = Debug|Any CPU
		{35BFAB2A-AFCF-47E0-8F70-EDD491CF7F19}.Debug|Any CPU.Build.0 = Debug|Any CPU
		{35BFAB2A-AFCF-47E0-8F70-EDD491CF7F19}.Release|Any CPU.ActiveCfg = Release|Any CPU
		{35BFAB2A-AFCF-47E0-8F70-EDD491CF7F19}.Release|Any CPU.Build.0 = Release|Any CPU
		{F0CD6B20-E4C0-4BA7-96F1-850722B32451}.Debug|Any CPU.ActiveCfg = Debug|Any CPU
		{F0CD6B20-E4C0-4BA7-96F1-850722B32451}.Debug|Any CPU.Build.0 = Debug|Any CPU
		{F0CD6B20-E4C0-4BA7-96F1-850722B32451}.Release|Any CPU.ActiveCfg = Release|Any CPU
		{F0CD6B20-E4C0-4BA7-96F1-850722B32451}.Release|Any CPU.Build.0 = Release|Any CPU
		{31EA972A-65C1-4F5F-8689-276B4A0D8FF9}.Debug|Any CPU.ActiveCfg = Debug|Any CPU
		{31EA972A-65C1-4F5F-8689-276B4A0D8FF9}.Debug|Any CPU.Build.0 = Debug|Any CPU
		{31EA972A-65C1-4F5F-8689-276B4A0D8FF9}.Release|Any CPU.ActiveCfg = Release|Any CPU
		{31EA972A-65C1-4F5F-8689-276B4A0D8FF9}.Release|Any CPU.Build.0 = Release|Any CPU
		{96F9474D-99AC-489D-A784-78C36A203629}.Debug|Any CPU.ActiveCfg = Debug|Any CPU
		{96F9474D-99AC-489D-A784-78C36A203629}.Debug|Any CPU.Build.0 = Debug|Any CPU
		{96F9474D-99AC-489D-A784-78C36A203629}.Release|Any CPU.ActiveCfg = Release|Any CPU
		{96F9474D-99AC-489D-A784-78C36A203629}.Release|Any CPU.Build.0 = Release|Any CPU
		{1352C7B1-A2B1-4F05-BFF6-8798913C3FC6}.Debug|Any CPU.ActiveCfg = Debug|Any CPU
		{1352C7B1-A2B1-4F05-BFF6-8798913C3FC6}.Debug|Any CPU.Build.0 = Debug|Any CPU
		{1352C7B1-A2B1-4F05-BFF6-8798913C3FC6}.Release|Any CPU.ActiveCfg = Release|Any CPU
		{1352C7B1-A2B1-4F05-BFF6-8798913C3FC6}.Release|Any CPU.Build.0 = Release|Any CPU
		{753ECA49-1BA7-4CF0-8FD4-8C6EEB28C0ED}.Debug|Any CPU.ActiveCfg = Debug|Any CPU
		{753ECA49-1BA7-4CF0-8FD4-8C6EEB28C0ED}.Debug|Any CPU.Build.0 = Debug|Any CPU
		{753ECA49-1BA7-4CF0-8FD4-8C6EEB28C0ED}.Release|Any CPU.ActiveCfg = Release|Any CPU
		{753ECA49-1BA7-4CF0-8FD4-8C6EEB28C0ED}.Release|Any CPU.Build.0 = Release|Any CPU
		{58CD7F2F-6B0E-4CC1-9814-1529E2F1E091}.Debug|Any CPU.ActiveCfg = Debug|Any CPU
		{58CD7F2F-6B0E-4CC1-9814-1529E2F1E091}.Debug|Any CPU.Build.0 = Debug|Any CPU
		{58CD7F2F-6B0E-4CC1-9814-1529E2F1E091}.Release|Any CPU.ActiveCfg = Release|Any CPU
		{58CD7F2F-6B0E-4CC1-9814-1529E2F1E091}.Release|Any CPU.Build.0 = Release|Any CPU
		{4A41F465-380D-405C-9DD1-86F32C71438F}.Debug|Any CPU.ActiveCfg = Debug|Any CPU
		{4A41F465-380D-405C-9DD1-86F32C71438F}.Debug|Any CPU.Build.0 = Debug|Any CPU
		{4A41F465-380D-405C-9DD1-86F32C71438F}.Release|Any CPU.ActiveCfg = Release|Any CPU
		{4A41F465-380D-405C-9DD1-86F32C71438F}.Release|Any CPU.Build.0 = Release|Any CPU
		{6C936A68-645A-47E6-AD4A-4A446368D9DB}.Debug|Any CPU.ActiveCfg = Debug|Any CPU
		{6C936A68-645A-47E6-AD4A-4A446368D9DB}.Debug|Any CPU.Build.0 = Debug|Any CPU
		{6C936A68-645A-47E6-AD4A-4A446368D9DB}.Release|Any CPU.ActiveCfg = Release|Any CPU
		{6C936A68-645A-47E6-AD4A-4A446368D9DB}.Release|Any CPU.Build.0 = Release|Any CPU
		{44756B57-B8DC-429C-B246-F35299DCD089}.Debug|Any CPU.ActiveCfg = Debug|Any CPU
		{44756B57-B8DC-429C-B246-F35299DCD089}.Debug|Any CPU.Build.0 = Debug|Any CPU
		{44756B57-B8DC-429C-B246-F35299DCD089}.Release|Any CPU.ActiveCfg = Release|Any CPU
		{44756B57-B8DC-429C-B246-F35299DCD089}.Release|Any CPU.Build.0 = Release|Any CPU
		{0089A2DE-3BA6-4777-BADA-7F6BA41E19AA}.Debug|Any CPU.ActiveCfg = Debug|Any CPU
		{0089A2DE-3BA6-4777-BADA-7F6BA41E19AA}.Debug|Any CPU.Build.0 = Debug|Any CPU
		{0089A2DE-3BA6-4777-BADA-7F6BA41E19AA}.Release|Any CPU.ActiveCfg = Release|Any CPU
		{0089A2DE-3BA6-4777-BADA-7F6BA41E19AA}.Release|Any CPU.Build.0 = Release|Any CPU
		{51A929DC-1546-4E62-9B5F-A817F1019A82}.Debug|Any CPU.ActiveCfg = Debug|Any CPU
		{51A929DC-1546-4E62-9B5F-A817F1019A82}.Debug|Any CPU.Build.0 = Debug|Any CPU
		{51A929DC-1546-4E62-9B5F-A817F1019A82}.Release|Any CPU.ActiveCfg = Release|Any CPU
		{51A929DC-1546-4E62-9B5F-A817F1019A82}.Release|Any CPU.Build.0 = Release|Any CPU
		{C28758CB-92BC-451F-9603-B30EF728AD01}.Debug|Any CPU.ActiveCfg = Debug|Any CPU
		{C28758CB-92BC-451F-9603-B30EF728AD01}.Debug|Any CPU.Build.0 = Debug|Any CPU
		{C28758CB-92BC-451F-9603-B30EF728AD01}.Release|Any CPU.ActiveCfg = Release|Any CPU
		{C28758CB-92BC-451F-9603-B30EF728AD01}.Release|Any CPU.Build.0 = Release|Any CPU
		{FB41869A-E281-4142-B1EB-5D2C7BAB4A33}.Debug|Any CPU.ActiveCfg = Debug|Any CPU
		{FB41869A-E281-4142-B1EB-5D2C7BAB4A33}.Debug|Any CPU.Build.0 = Debug|Any CPU
		{FB41869A-E281-4142-B1EB-5D2C7BAB4A33}.Release|Any CPU.ActiveCfg = Release|Any CPU
		{FB41869A-E281-4142-B1EB-5D2C7BAB4A33}.Release|Any CPU.Build.0 = Release|Any CPU
		{3B40F531-958E-4C23-BE59-BB6920D6A56D}.Debug|Any CPU.ActiveCfg = Debug|Any CPU
		{3B40F531-958E-4C23-BE59-BB6920D6A56D}.Debug|Any CPU.Build.0 = Debug|Any CPU
		{3B40F531-958E-4C23-BE59-BB6920D6A56D}.Release|Any CPU.ActiveCfg = Release|Any CPU
		{3B40F531-958E-4C23-BE59-BB6920D6A56D}.Release|Any CPU.Build.0 = Release|Any CPU
		{13E4F7C9-EF7E-40B9-93ED-3B6CCC0E39B9}.Debug|Any CPU.ActiveCfg = Debug|Any CPU
		{13E4F7C9-EF7E-40B9-93ED-3B6CCC0E39B9}.Debug|Any CPU.Build.0 = Debug|Any CPU
		{13E4F7C9-EF7E-40B9-93ED-3B6CCC0E39B9}.Release|Any CPU.ActiveCfg = Release|Any CPU
		{13E4F7C9-EF7E-40B9-93ED-3B6CCC0E39B9}.Release|Any CPU.Build.0 = Release|Any CPU
		{570EDCBD-165B-4639-99B8-7F4D3AC2BF06}.Debug|Any CPU.ActiveCfg = Debug|Any CPU
		{570EDCBD-165B-4639-99B8-7F4D3AC2BF06}.Debug|Any CPU.Build.0 = Debug|Any CPU
		{570EDCBD-165B-4639-99B8-7F4D3AC2BF06}.Release|Any CPU.ActiveCfg = Release|Any CPU
		{570EDCBD-165B-4639-99B8-7F4D3AC2BF06}.Release|Any CPU.Build.0 = Release|Any CPU
		{6348525B-2C28-4EC1-A0EC-40D777F60959}.Debug|Any CPU.ActiveCfg = Debug|Any CPU
		{6348525B-2C28-4EC1-A0EC-40D777F60959}.Debug|Any CPU.Build.0 = Debug|Any CPU
		{6348525B-2C28-4EC1-A0EC-40D777F60959}.Release|Any CPU.ActiveCfg = Release|Any CPU
		{6348525B-2C28-4EC1-A0EC-40D777F60959}.Release|Any CPU.Build.0 = Release|Any CPU
		{B338C285-618C-42B0-AD32-D728AC2F4860}.Debug|Any CPU.ActiveCfg = Debug|Any CPU
		{B338C285-618C-42B0-AD32-D728AC2F4860}.Debug|Any CPU.Build.0 = Debug|Any CPU
		{B338C285-618C-42B0-AD32-D728AC2F4860}.Release|Any CPU.ActiveCfg = Release|Any CPU
		{B338C285-618C-42B0-AD32-D728AC2F4860}.Release|Any CPU.Build.0 = Release|Any CPU
		{BEA3696C-206C-4D00-8452-380388B447EA}.Debug|Any CPU.ActiveCfg = Debug|Any CPU
		{BEA3696C-206C-4D00-8452-380388B447EA}.Debug|Any CPU.Build.0 = Debug|Any CPU
		{BEA3696C-206C-4D00-8452-380388B447EA}.Release|Any CPU.ActiveCfg = Release|Any CPU
		{BEA3696C-206C-4D00-8452-380388B447EA}.Release|Any CPU.Build.0 = Release|Any CPU
		{8EEEDFC6-C669-4C83-B70B-78254A4B62DB}.Debug|Any CPU.ActiveCfg = Debug|Any CPU
		{8EEEDFC6-C669-4C83-B70B-78254A4B62DB}.Debug|Any CPU.Build.0 = Debug|Any CPU
		{8EEEDFC6-C669-4C83-B70B-78254A4B62DB}.Release|Any CPU.ActiveCfg = Release|Any CPU
		{8EEEDFC6-C669-4C83-B70B-78254A4B62DB}.Release|Any CPU.Build.0 = Release|Any CPU
		{E119081E-F1A0-4B5B-944E-25EE5D2EF107}.Debug|Any CPU.ActiveCfg = Debug|Any CPU
		{E119081E-F1A0-4B5B-944E-25EE5D2EF107}.Debug|Any CPU.Build.0 = Debug|Any CPU
		{E119081E-F1A0-4B5B-944E-25EE5D2EF107}.Release|Any CPU.ActiveCfg = Release|Any CPU
		{E119081E-F1A0-4B5B-944E-25EE5D2EF107}.Release|Any CPU.Build.0 = Release|Any CPU
		{64936B65-E46C-4BE0-8981-01E06CBBE29C}.Debug|Any CPU.ActiveCfg = Debug|Any CPU
		{64936B65-E46C-4BE0-8981-01E06CBBE29C}.Debug|Any CPU.Build.0 = Debug|Any CPU
		{64936B65-E46C-4BE0-8981-01E06CBBE29C}.Release|Any CPU.ActiveCfg = Release|Any CPU
		{64936B65-E46C-4BE0-8981-01E06CBBE29C}.Release|Any CPU.Build.0 = Release|Any CPU
		{B88A2600-7702-4A90-A3CD-3389AADD33DB}.Debug|Any CPU.ActiveCfg = Debug|Any CPU
		{B88A2600-7702-4A90-A3CD-3389AADD33DB}.Debug|Any CPU.Build.0 = Debug|Any CPU
		{B88A2600-7702-4A90-A3CD-3389AADD33DB}.Release|Any CPU.ActiveCfg = Release|Any CPU
		{B88A2600-7702-4A90-A3CD-3389AADD33DB}.Release|Any CPU.Build.0 = Release|Any CPU
		{9A61A243-29B6-4248-917E-15760A854FB5}.Debug|Any CPU.ActiveCfg = Debug|Any CPU
		{9A61A243-29B6-4248-917E-15760A854FB5}.Debug|Any CPU.Build.0 = Debug|Any CPU
		{9A61A243-29B6-4248-917E-15760A854FB5}.Release|Any CPU.ActiveCfg = Release|Any CPU
		{9A61A243-29B6-4248-917E-15760A854FB5}.Release|Any CPU.Build.0 = Release|Any CPU
		{C1FD4A5C-FE92-45CC-9477-3E227C9742E0}.Debug|Any CPU.ActiveCfg = Debug|Any CPU
		{C1FD4A5C-FE92-45CC-9477-3E227C9742E0}.Debug|Any CPU.Build.0 = Debug|Any CPU
		{C1FD4A5C-FE92-45CC-9477-3E227C9742E0}.Release|Any CPU.ActiveCfg = Release|Any CPU
		{C1FD4A5C-FE92-45CC-9477-3E227C9742E0}.Release|Any CPU.Build.0 = Release|Any CPU
		{07C6CFB3-A30C-4C17-86F0-98878D9AFED6}.Debug|Any CPU.ActiveCfg = Debug|Any CPU
		{07C6CFB3-A30C-4C17-86F0-98878D9AFED6}.Debug|Any CPU.Build.0 = Debug|Any CPU
		{07C6CFB3-A30C-4C17-86F0-98878D9AFED6}.Release|Any CPU.ActiveCfg = Release|Any CPU
		{07C6CFB3-A30C-4C17-86F0-98878D9AFED6}.Release|Any CPU.Build.0 = Release|Any CPU
		{93F60816-45CE-4992-AD12-4003CB429C77}.Debug|Any CPU.ActiveCfg = Debug|Any CPU
		{93F60816-45CE-4992-AD12-4003CB429C77}.Debug|Any CPU.Build.0 = Debug|Any CPU
		{93F60816-45CE-4992-AD12-4003CB429C77}.Release|Any CPU.ActiveCfg = Release|Any CPU
		{93F60816-45CE-4992-AD12-4003CB429C77}.Release|Any CPU.Build.0 = Release|Any CPU
		{C7B55C07-FD25-4EA4-8C88-F03078A20B82}.Debug|Any CPU.ActiveCfg = Debug|Any CPU
		{C7B55C07-FD25-4EA4-8C88-F03078A20B82}.Debug|Any CPU.Build.0 = Debug|Any CPU
		{C7B55C07-FD25-4EA4-8C88-F03078A20B82}.Release|Any CPU.ActiveCfg = Release|Any CPU
		{C7B55C07-FD25-4EA4-8C88-F03078A20B82}.Release|Any CPU.Build.0 = Release|Any CPU
		{84984B3E-D35B-4A49-B79E-D86574379047}.Debug|Any CPU.ActiveCfg = Debug|Any CPU
		{84984B3E-D35B-4A49-B79E-D86574379047}.Debug|Any CPU.Build.0 = Debug|Any CPU
		{84984B3E-D35B-4A49-B79E-D86574379047}.Release|Any CPU.ActiveCfg = Release|Any CPU
		{84984B3E-D35B-4A49-B79E-D86574379047}.Release|Any CPU.Build.0 = Release|Any CPU
		{09BE5EE0-EB0E-4E7D-B4E7-D70580AE922E}.Debug|Any CPU.ActiveCfg = Debug|Any CPU
		{09BE5EE0-EB0E-4E7D-B4E7-D70580AE922E}.Debug|Any CPU.Build.0 = Debug|Any CPU
		{09BE5EE0-EB0E-4E7D-B4E7-D70580AE922E}.Release|Any CPU.ActiveCfg = Release|Any CPU
		{09BE5EE0-EB0E-4E7D-B4E7-D70580AE922E}.Release|Any CPU.Build.0 = Release|Any CPU
		{B480EC31-F7BB-47D8-9F0F-46CDEC68509B}.Debug|Any CPU.ActiveCfg = Debug|Any CPU
		{B480EC31-F7BB-47D8-9F0F-46CDEC68509B}.Debug|Any CPU.Build.0 = Debug|Any CPU
		{B480EC31-F7BB-47D8-9F0F-46CDEC68509B}.Release|Any CPU.ActiveCfg = Release|Any CPU
		{B480EC31-F7BB-47D8-9F0F-46CDEC68509B}.Release|Any CPU.Build.0 = Release|Any CPU
		{8E5D2B65-334D-4526-94F2-42324F29BB42}.Debug|Any CPU.ActiveCfg = Debug|Any CPU
		{8E5D2B65-334D-4526-94F2-42324F29BB42}.Debug|Any CPU.Build.0 = Debug|Any CPU
		{8E5D2B65-334D-4526-94F2-42324F29BB42}.Release|Any CPU.ActiveCfg = Release|Any CPU
		{8E5D2B65-334D-4526-94F2-42324F29BB42}.Release|Any CPU.Build.0 = Release|Any CPU
		{2E775D04-F9E3-49C7-BC50-97081F26AA64}.Debug|Any CPU.ActiveCfg = Debug|Any CPU
		{2E775D04-F9E3-49C7-BC50-97081F26AA64}.Debug|Any CPU.Build.0 = Debug|Any CPU
		{2E775D04-F9E3-49C7-BC50-97081F26AA64}.Release|Any CPU.ActiveCfg = Release|Any CPU
		{2E775D04-F9E3-49C7-BC50-97081F26AA64}.Release|Any CPU.Build.0 = Release|Any CPU
		{4F2D5326-3636-4C28-AD8B-0C2E240A5CF4}.Debug|Any CPU.ActiveCfg = Debug|Any CPU
		{4F2D5326-3636-4C28-AD8B-0C2E240A5CF4}.Debug|Any CPU.Build.0 = Debug|Any CPU
		{4F2D5326-3636-4C28-AD8B-0C2E240A5CF4}.Release|Any CPU.ActiveCfg = Release|Any CPU
		{4F2D5326-3636-4C28-AD8B-0C2E240A5CF4}.Release|Any CPU.Build.0 = Release|Any CPU
		{6FEEC34B-895D-495B-AF44-54F362A8A177}.Debug|Any CPU.ActiveCfg = Debug|Any CPU
		{6FEEC34B-895D-495B-AF44-54F362A8A177}.Debug|Any CPU.Build.0 = Debug|Any CPU
		{6FEEC34B-895D-495B-AF44-54F362A8A177}.Release|Any CPU.ActiveCfg = Release|Any CPU
		{6FEEC34B-895D-495B-AF44-54F362A8A177}.Release|Any CPU.Build.0 = Release|Any CPU
		{8D0990D0-99C5-4013-9CFD-219D6CB91408}.Debug|Any CPU.ActiveCfg = Debug|Any CPU
		{8D0990D0-99C5-4013-9CFD-219D6CB91408}.Debug|Any CPU.Build.0 = Debug|Any CPU
		{8D0990D0-99C5-4013-9CFD-219D6CB91408}.Release|Any CPU.ActiveCfg = Release|Any CPU
		{8D0990D0-99C5-4013-9CFD-219D6CB91408}.Release|Any CPU.Build.0 = Release|Any CPU
		{9E1426DF-2284-48F5-8267-345D49FDE6B7}.Debug|Any CPU.ActiveCfg = Debug|Any CPU
		{9E1426DF-2284-48F5-8267-345D49FDE6B7}.Debug|Any CPU.Build.0 = Debug|Any CPU
		{9E1426DF-2284-48F5-8267-345D49FDE6B7}.Release|Any CPU.ActiveCfg = Release|Any CPU
		{9E1426DF-2284-48F5-8267-345D49FDE6B7}.Release|Any CPU.Build.0 = Release|Any CPU
		{14DE6428-1574-43B8-8423-31634C09A9E4}.Debug|Any CPU.ActiveCfg = Debug|Any CPU
		{14DE6428-1574-43B8-8423-31634C09A9E4}.Debug|Any CPU.Build.0 = Debug|Any CPU
		{14DE6428-1574-43B8-8423-31634C09A9E4}.Release|Any CPU.ActiveCfg = Release|Any CPU
		{14DE6428-1574-43B8-8423-31634C09A9E4}.Release|Any CPU.Build.0 = Release|Any CPU
		{9AEF5E45-CFAE-4F96-95AB-6B7EBA361792}.Debug|Any CPU.ActiveCfg = Debug|Any CPU
		{9AEF5E45-CFAE-4F96-95AB-6B7EBA361792}.Debug|Any CPU.Build.0 = Debug|Any CPU
		{9AEF5E45-CFAE-4F96-95AB-6B7EBA361792}.Release|Any CPU.ActiveCfg = Release|Any CPU
		{9AEF5E45-CFAE-4F96-95AB-6B7EBA361792}.Release|Any CPU.Build.0 = Release|Any CPU
		{5B1CF0BF-AD43-48B6-8A25-0A0F11A513B2}.Debug|Any CPU.ActiveCfg = Debug|Any CPU
		{5B1CF0BF-AD43-48B6-8A25-0A0F11A513B2}.Debug|Any CPU.Build.0 = Debug|Any CPU
		{5B1CF0BF-AD43-48B6-8A25-0A0F11A513B2}.Release|Any CPU.ActiveCfg = Release|Any CPU
		{5B1CF0BF-AD43-48B6-8A25-0A0F11A513B2}.Release|Any CPU.Build.0 = Release|Any CPU
		{55C9EB90-D004-416B-883C-770D90F6D700}.Debug|Any CPU.ActiveCfg = Debug|Any CPU
		{55C9EB90-D004-416B-883C-770D90F6D700}.Debug|Any CPU.Build.0 = Debug|Any CPU
		{55C9EB90-D004-416B-883C-770D90F6D700}.Release|Any CPU.ActiveCfg = Release|Any CPU
		{55C9EB90-D004-416B-883C-770D90F6D700}.Release|Any CPU.Build.0 = Release|Any CPU
		{8FB1C0C7-0655-40C5-8952-9083897D8326}.Debug|Any CPU.ActiveCfg = Debug|Any CPU
		{8FB1C0C7-0655-40C5-8952-9083897D8326}.Debug|Any CPU.Build.0 = Debug|Any CPU
		{8FB1C0C7-0655-40C5-8952-9083897D8326}.Release|Any CPU.ActiveCfg = Release|Any CPU
		{8FB1C0C7-0655-40C5-8952-9083897D8326}.Release|Any CPU.Build.0 = Release|Any CPU
		{A6C64B27-ADA7-4DBA-8313-5C2CB07E09D7}.Debug|Any CPU.ActiveCfg = Debug|Any CPU
		{A6C64B27-ADA7-4DBA-8313-5C2CB07E09D7}.Debug|Any CPU.Build.0 = Debug|Any CPU
		{A6C64B27-ADA7-4DBA-8313-5C2CB07E09D7}.Release|Any CPU.ActiveCfg = Release|Any CPU
		{A6C64B27-ADA7-4DBA-8313-5C2CB07E09D7}.Release|Any CPU.Build.0 = Release|Any CPU
		{74FCA749-211B-4A51-95C0-7447392AA55B}.Debug|Any CPU.ActiveCfg = Debug|Any CPU
		{74FCA749-211B-4A51-95C0-7447392AA55B}.Debug|Any CPU.Build.0 = Debug|Any CPU
		{74FCA749-211B-4A51-95C0-7447392AA55B}.Release|Any CPU.ActiveCfg = Release|Any CPU
		{74FCA749-211B-4A51-95C0-7447392AA55B}.Release|Any CPU.Build.0 = Release|Any CPU
		{E999D1FD-C2E0-4E43-AA33-14AFFE736C19}.Debug|Any CPU.ActiveCfg = Debug|Any CPU
		{E999D1FD-C2E0-4E43-AA33-14AFFE736C19}.Debug|Any CPU.Build.0 = Debug|Any CPU
		{E999D1FD-C2E0-4E43-AA33-14AFFE736C19}.Release|Any CPU.ActiveCfg = Release|Any CPU
		{E999D1FD-C2E0-4E43-AA33-14AFFE736C19}.Release|Any CPU.Build.0 = Release|Any CPU
		{1700B02C-648D-49E4-AA56-715C59011B42}.Debug|Any CPU.ActiveCfg = Debug|Any CPU
		{1700B02C-648D-49E4-AA56-715C59011B42}.Debug|Any CPU.Build.0 = Debug|Any CPU
		{1700B02C-648D-49E4-AA56-715C59011B42}.Release|Any CPU.ActiveCfg = Release|Any CPU
		{1700B02C-648D-49E4-AA56-715C59011B42}.Release|Any CPU.Build.0 = Release|Any CPU
		{69729511-8B67-4F94-BBC5-530F086C989C}.Debug|Any CPU.ActiveCfg = Debug|Any CPU
		{69729511-8B67-4F94-BBC5-530F086C989C}.Debug|Any CPU.Build.0 = Debug|Any CPU
		{69729511-8B67-4F94-BBC5-530F086C989C}.Release|Any CPU.ActiveCfg = Release|Any CPU
		{69729511-8B67-4F94-BBC5-530F086C989C}.Release|Any CPU.Build.0 = Release|Any CPU
		{4038E95B-06B0-41FB-91D6-E0701A877ECB}.Debug|Any CPU.ActiveCfg = Debug|Any CPU
		{4038E95B-06B0-41FB-91D6-E0701A877ECB}.Debug|Any CPU.Build.0 = Debug|Any CPU
		{4038E95B-06B0-41FB-91D6-E0701A877ECB}.Release|Any CPU.ActiveCfg = Release|Any CPU
		{4038E95B-06B0-41FB-91D6-E0701A877ECB}.Release|Any CPU.Build.0 = Release|Any CPU
		{ABBAC227-0285-4E11-BB4B-2057F5F5C2D0}.Debug|Any CPU.ActiveCfg = Debug|Any CPU
		{ABBAC227-0285-4E11-BB4B-2057F5F5C2D0}.Debug|Any CPU.Build.0 = Debug|Any CPU
		{ABBAC227-0285-4E11-BB4B-2057F5F5C2D0}.Release|Any CPU.ActiveCfg = Release|Any CPU
		{ABBAC227-0285-4E11-BB4B-2057F5F5C2D0}.Release|Any CPU.Build.0 = Release|Any CPU
		{F7078DD1-488F-4872-94C0-8131787D685F}.Debug|Any CPU.ActiveCfg = Debug|Any CPU
		{F7078DD1-488F-4872-94C0-8131787D685F}.Debug|Any CPU.Build.0 = Debug|Any CPU
		{F7078DD1-488F-4872-94C0-8131787D685F}.Release|Any CPU.ActiveCfg = Release|Any CPU
		{F7078DD1-488F-4872-94C0-8131787D685F}.Release|Any CPU.Build.0 = Release|Any CPU
		{36B45231-6253-4D9C-8E64-0FF91D8182D4}.Debug|Any CPU.ActiveCfg = Debug|Any CPU
		{36B45231-6253-4D9C-8E64-0FF91D8182D4}.Debug|Any CPU.Build.0 = Debug|Any CPU
		{36B45231-6253-4D9C-8E64-0FF91D8182D4}.Release|Any CPU.ActiveCfg = Release|Any CPU
		{36B45231-6253-4D9C-8E64-0FF91D8182D4}.Release|Any CPU.Build.0 = Release|Any CPU
		{E922B200-845A-4461-9AFD-F37CAB81D017}.Debug|Any CPU.ActiveCfg = Debug|Any CPU
		{E922B200-845A-4461-9AFD-F37CAB81D017}.Debug|Any CPU.Build.0 = Debug|Any CPU
		{E922B200-845A-4461-9AFD-F37CAB81D017}.Release|Any CPU.ActiveCfg = Release|Any CPU
		{E922B200-845A-4461-9AFD-F37CAB81D017}.Release|Any CPU.Build.0 = Release|Any CPU
		{D0971D34-F6FB-4D48-8BC7-C87D46B221E6}.Debug|Any CPU.ActiveCfg = Debug|Any CPU
		{D0971D34-F6FB-4D48-8BC7-C87D46B221E6}.Debug|Any CPU.Build.0 = Debug|Any CPU
		{D0971D34-F6FB-4D48-8BC7-C87D46B221E6}.Release|Any CPU.ActiveCfg = Release|Any CPU
		{D0971D34-F6FB-4D48-8BC7-C87D46B221E6}.Release|Any CPU.Build.0 = Release|Any CPU
		{B1F5CAEE-5DF6-4A2C-95F2-837FE55B8974}.Debug|Any CPU.ActiveCfg = Debug|Any CPU
		{B1F5CAEE-5DF6-4A2C-95F2-837FE55B8974}.Debug|Any CPU.Build.0 = Debug|Any CPU
		{B1F5CAEE-5DF6-4A2C-95F2-837FE55B8974}.Release|Any CPU.ActiveCfg = Release|Any CPU
		{B1F5CAEE-5DF6-4A2C-95F2-837FE55B8974}.Release|Any CPU.Build.0 = Release|Any CPU
		{666E92F0-23F7-4A32-8059-046C137F24DB}.Debug|Any CPU.ActiveCfg = Debug|Any CPU
		{666E92F0-23F7-4A32-8059-046C137F24DB}.Debug|Any CPU.Build.0 = Debug|Any CPU
		{666E92F0-23F7-4A32-8059-046C137F24DB}.Release|Any CPU.ActiveCfg = Release|Any CPU
		{666E92F0-23F7-4A32-8059-046C137F24DB}.Release|Any CPU.Build.0 = Release|Any CPU
		{B6D8D6F6-E2FB-4B70-AD15-6A9D447AD745}.Debug|Any CPU.ActiveCfg = Debug|Any CPU
		{B6D8D6F6-E2FB-4B70-AD15-6A9D447AD745}.Debug|Any CPU.Build.0 = Debug|Any CPU
		{B6D8D6F6-E2FB-4B70-AD15-6A9D447AD745}.Release|Any CPU.ActiveCfg = Release|Any CPU
		{B6D8D6F6-E2FB-4B70-AD15-6A9D447AD745}.Release|Any CPU.Build.0 = Release|Any CPU
		{56AA9F6E-ADEA-4794-98C4-7D480054C794}.Debug|Any CPU.ActiveCfg = Debug|Any CPU
		{56AA9F6E-ADEA-4794-98C4-7D480054C794}.Debug|Any CPU.Build.0 = Debug|Any CPU
		{56AA9F6E-ADEA-4794-98C4-7D480054C794}.Release|Any CPU.ActiveCfg = Release|Any CPU
		{56AA9F6E-ADEA-4794-98C4-7D480054C794}.Release|Any CPU.Build.0 = Release|Any CPU
		{D163DF55-AF8B-44BF-9B92-0E14DFA43BA9}.Debug|Any CPU.ActiveCfg = Debug|Any CPU
		{D163DF55-AF8B-44BF-9B92-0E14DFA43BA9}.Debug|Any CPU.Build.0 = Debug|Any CPU
		{D163DF55-AF8B-44BF-9B92-0E14DFA43BA9}.Release|Any CPU.ActiveCfg = Release|Any CPU
		{D163DF55-AF8B-44BF-9B92-0E14DFA43BA9}.Release|Any CPU.Build.0 = Release|Any CPU
		{5EF5AAA2-0847-4E11-8F7A-F9639420F5E4}.Debug|Any CPU.ActiveCfg = Debug|Any CPU
		{5EF5AAA2-0847-4E11-8F7A-F9639420F5E4}.Debug|Any CPU.Build.0 = Debug|Any CPU
		{5EF5AAA2-0847-4E11-8F7A-F9639420F5E4}.Release|Any CPU.ActiveCfg = Release|Any CPU
		{5EF5AAA2-0847-4E11-8F7A-F9639420F5E4}.Release|Any CPU.Build.0 = Release|Any CPU
		{AF3F30C6-987A-4762-BB57-39DEAFA1B6ED}.Debug|Any CPU.ActiveCfg = Debug|Any CPU
		{AF3F30C6-987A-4762-BB57-39DEAFA1B6ED}.Debug|Any CPU.Build.0 = Debug|Any CPU
		{AF3F30C6-987A-4762-BB57-39DEAFA1B6ED}.Release|Any CPU.ActiveCfg = Release|Any CPU
		{AF3F30C6-987A-4762-BB57-39DEAFA1B6ED}.Release|Any CPU.Build.0 = Release|Any CPU
		{560AB2D7-B2E9-424D-A367-BA6BBC16B292}.Debug|Any CPU.ActiveCfg = Debug|Any CPU
		{560AB2D7-B2E9-424D-A367-BA6BBC16B292}.Debug|Any CPU.Build.0 = Debug|Any CPU
		{560AB2D7-B2E9-424D-A367-BA6BBC16B292}.Release|Any CPU.ActiveCfg = Release|Any CPU
		{560AB2D7-B2E9-424D-A367-BA6BBC16B292}.Release|Any CPU.Build.0 = Release|Any CPU
		{0263DCB5-CFC3-452E-A03B-A275E88D0168}.Debug|Any CPU.ActiveCfg = Debug|Any CPU
		{0263DCB5-CFC3-452E-A03B-A275E88D0168}.Debug|Any CPU.Build.0 = Debug|Any CPU
		{0263DCB5-CFC3-452E-A03B-A275E88D0168}.Release|Any CPU.ActiveCfg = Release|Any CPU
		{0263DCB5-CFC3-452E-A03B-A275E88D0168}.Release|Any CPU.Build.0 = Release|Any CPU
		{80D69CDB-D2BF-426F-9E3E-48801A3BBF9D}.Debug|Any CPU.ActiveCfg = Debug|Any CPU
		{80D69CDB-D2BF-426F-9E3E-48801A3BBF9D}.Debug|Any CPU.Build.0 = Debug|Any CPU
		{80D69CDB-D2BF-426F-9E3E-48801A3BBF9D}.Release|Any CPU.ActiveCfg = Release|Any CPU
		{80D69CDB-D2BF-426F-9E3E-48801A3BBF9D}.Release|Any CPU.Build.0 = Release|Any CPU
		{12CDC86D-BD58-4B3A-AED4-544FC0E1A267}.Debug|Any CPU.ActiveCfg = Debug|Any CPU
		{12CDC86D-BD58-4B3A-AED4-544FC0E1A267}.Debug|Any CPU.Build.0 = Debug|Any CPU
		{12CDC86D-BD58-4B3A-AED4-544FC0E1A267}.Release|Any CPU.ActiveCfg = Release|Any CPU
		{12CDC86D-BD58-4B3A-AED4-544FC0E1A267}.Release|Any CPU.Build.0 = Release|Any CPU
		{82ACF7A0-1B4B-4528-89E6-70A9954B4129}.Debug|Any CPU.ActiveCfg = Debug|Any CPU
		{82ACF7A0-1B4B-4528-89E6-70A9954B4129}.Debug|Any CPU.Build.0 = Debug|Any CPU
		{82ACF7A0-1B4B-4528-89E6-70A9954B4129}.Release|Any CPU.ActiveCfg = Release|Any CPU
		{82ACF7A0-1B4B-4528-89E6-70A9954B4129}.Release|Any CPU.Build.0 = Release|Any CPU
		{40838F53-AED4-41D6-A6D0-4976B7C16530}.Debug|Any CPU.ActiveCfg = Debug|Any CPU
		{40838F53-AED4-41D6-A6D0-4976B7C16530}.Debug|Any CPU.Build.0 = Debug|Any CPU
		{40838F53-AED4-41D6-A6D0-4976B7C16530}.Release|Any CPU.ActiveCfg = Release|Any CPU
		{40838F53-AED4-41D6-A6D0-4976B7C16530}.Release|Any CPU.Build.0 = Release|Any CPU
		{2685D23D-0531-40F6-840D-D69886F919F0}.Debug|Any CPU.ActiveCfg = Debug|Any CPU
		{2685D23D-0531-40F6-840D-D69886F919F0}.Debug|Any CPU.Build.0 = Debug|Any CPU
		{2685D23D-0531-40F6-840D-D69886F919F0}.Release|Any CPU.ActiveCfg = Release|Any CPU
		{2685D23D-0531-40F6-840D-D69886F919F0}.Release|Any CPU.Build.0 = Release|Any CPU
		{4AABEBD7-39D0-41F2-A600-14321EEBF72C}.Debug|Any CPU.ActiveCfg = Debug|Any CPU
		{4AABEBD7-39D0-41F2-A600-14321EEBF72C}.Debug|Any CPU.Build.0 = Debug|Any CPU
		{4AABEBD7-39D0-41F2-A600-14321EEBF72C}.Release|Any CPU.ActiveCfg = Release|Any CPU
		{4AABEBD7-39D0-41F2-A600-14321EEBF72C}.Release|Any CPU.Build.0 = Release|Any CPU
		{EA0F8097-E27D-45CB-959F-E1427070F597}.Debug|Any CPU.ActiveCfg = Debug|Any CPU
		{EA0F8097-E27D-45CB-959F-E1427070F597}.Debug|Any CPU.Build.0 = Debug|Any CPU
		{EA0F8097-E27D-45CB-959F-E1427070F597}.Release|Any CPU.ActiveCfg = Release|Any CPU
		{EA0F8097-E27D-45CB-959F-E1427070F597}.Release|Any CPU.Build.0 = Release|Any CPU
		{EC9F189A-931F-4EF3-A52C-164A7694BEF7}.Debug|Any CPU.ActiveCfg = Debug|Any CPU
		{EC9F189A-931F-4EF3-A52C-164A7694BEF7}.Debug|Any CPU.Build.0 = Debug|Any CPU
		{EC9F189A-931F-4EF3-A52C-164A7694BEF7}.Release|Any CPU.ActiveCfg = Release|Any CPU
		{EC9F189A-931F-4EF3-A52C-164A7694BEF7}.Release|Any CPU.Build.0 = Release|Any CPU
		{9D4183C4-BCAB-48C2-A93F-146FF0C9AE05}.Debug|Any CPU.ActiveCfg = Debug|Any CPU
		{9D4183C4-BCAB-48C2-A93F-146FF0C9AE05}.Debug|Any CPU.Build.0 = Debug|Any CPU
		{9D4183C4-BCAB-48C2-A93F-146FF0C9AE05}.Release|Any CPU.ActiveCfg = Release|Any CPU
		{9D4183C4-BCAB-48C2-A93F-146FF0C9AE05}.Release|Any CPU.Build.0 = Release|Any CPU
		{25237914-8EC9-42D2-B9CF-18B5E17A57F1}.Debug|Any CPU.ActiveCfg = Debug|Any CPU
		{25237914-8EC9-42D2-B9CF-18B5E17A57F1}.Debug|Any CPU.Build.0 = Debug|Any CPU
		{25237914-8EC9-42D2-B9CF-18B5E17A57F1}.Release|Any CPU.ActiveCfg = Release|Any CPU
		{25237914-8EC9-42D2-B9CF-18B5E17A57F1}.Release|Any CPU.Build.0 = Release|Any CPU
		{75D9D5DD-F30C-4C1B-B01C-0BEF1E8E6C3F}.Debug|Any CPU.ActiveCfg = Debug|Any CPU
		{75D9D5DD-F30C-4C1B-B01C-0BEF1E8E6C3F}.Debug|Any CPU.Build.0 = Debug|Any CPU
		{75D9D5DD-F30C-4C1B-B01C-0BEF1E8E6C3F}.Release|Any CPU.ActiveCfg = Release|Any CPU
		{75D9D5DD-F30C-4C1B-B01C-0BEF1E8E6C3F}.Release|Any CPU.Build.0 = Release|Any CPU
		{014F91E5-A0A8-4624-BEA5-224AC070246F}.Debug|Any CPU.ActiveCfg = Debug|Any CPU
		{014F91E5-A0A8-4624-BEA5-224AC070246F}.Debug|Any CPU.Build.0 = Debug|Any CPU
		{014F91E5-A0A8-4624-BEA5-224AC070246F}.Release|Any CPU.ActiveCfg = Release|Any CPU
		{014F91E5-A0A8-4624-BEA5-224AC070246F}.Release|Any CPU.Build.0 = Release|Any CPU
		{63DD5C0E-2805-465D-BDDE-50E6BFD2F526}.Debug|Any CPU.ActiveCfg = Debug|Any CPU
		{63DD5C0E-2805-465D-BDDE-50E6BFD2F526}.Debug|Any CPU.Build.0 = Debug|Any CPU
		{63DD5C0E-2805-465D-BDDE-50E6BFD2F526}.Release|Any CPU.ActiveCfg = Release|Any CPU
		{63DD5C0E-2805-465D-BDDE-50E6BFD2F526}.Release|Any CPU.Build.0 = Release|Any CPU
		{87411E5F-E9EC-4907-A497-494CB7BE6D98}.Debug|Any CPU.ActiveCfg = Debug|Any CPU
		{87411E5F-E9EC-4907-A497-494CB7BE6D98}.Debug|Any CPU.Build.0 = Debug|Any CPU
		{87411E5F-E9EC-4907-A497-494CB7BE6D98}.Release|Any CPU.ActiveCfg = Release|Any CPU
		{87411E5F-E9EC-4907-A497-494CB7BE6D98}.Release|Any CPU.Build.0 = Release|Any CPU
		{0464D6EC-7E3F-4ED2-8D20-732EEECF0F39}.Debug|Any CPU.ActiveCfg = Debug|Any CPU
		{0464D6EC-7E3F-4ED2-8D20-732EEECF0F39}.Debug|Any CPU.Build.0 = Debug|Any CPU
		{0464D6EC-7E3F-4ED2-8D20-732EEECF0F39}.Release|Any CPU.ActiveCfg = Release|Any CPU
		{0464D6EC-7E3F-4ED2-8D20-732EEECF0F39}.Release|Any CPU.Build.0 = Release|Any CPU
		{C5E6CCF0-00AD-4831-BA3C-7215E016469C}.Debug|Any CPU.ActiveCfg = Debug|Any CPU
		{C5E6CCF0-00AD-4831-BA3C-7215E016469C}.Debug|Any CPU.Build.0 = Debug|Any CPU
		{C5E6CCF0-00AD-4831-BA3C-7215E016469C}.Release|Any CPU.ActiveCfg = Release|Any CPU
		{C5E6CCF0-00AD-4831-BA3C-7215E016469C}.Release|Any CPU.Build.0 = Release|Any CPU
		{C1DEB1EE-3EC5-4C94-AF92-64AFC0C388CC}.Debug|Any CPU.ActiveCfg = Debug|Any CPU
		{C1DEB1EE-3EC5-4C94-AF92-64AFC0C388CC}.Debug|Any CPU.Build.0 = Debug|Any CPU
		{C1DEB1EE-3EC5-4C94-AF92-64AFC0C388CC}.Release|Any CPU.ActiveCfg = Release|Any CPU
		{C1DEB1EE-3EC5-4C94-AF92-64AFC0C388CC}.Release|Any CPU.Build.0 = Release|Any CPU
		{B1517746-0BD3-404D-8A2E-A24EEC03EB31}.Debug|Any CPU.ActiveCfg = Debug|Any CPU
		{B1517746-0BD3-404D-8A2E-A24EEC03EB31}.Debug|Any CPU.Build.0 = Debug|Any CPU
		{B1517746-0BD3-404D-8A2E-A24EEC03EB31}.Release|Any CPU.ActiveCfg = Release|Any CPU
		{B1517746-0BD3-404D-8A2E-A24EEC03EB31}.Release|Any CPU.Build.0 = Release|Any CPU
		{E2A208D2-ED8C-4B55-B630-3922B6C2B0D5}.Debug|Any CPU.ActiveCfg = Debug|Any CPU
		{E2A208D2-ED8C-4B55-B630-3922B6C2B0D5}.Debug|Any CPU.Build.0 = Debug|Any CPU
		{E2A208D2-ED8C-4B55-B630-3922B6C2B0D5}.Release|Any CPU.ActiveCfg = Release|Any CPU
		{E2A208D2-ED8C-4B55-B630-3922B6C2B0D5}.Release|Any CPU.Build.0 = Release|Any CPU
		{F2731CCC-7773-4103-8D33-1345E448B4BC}.Debug|Any CPU.ActiveCfg = Debug|Any CPU
		{F2731CCC-7773-4103-8D33-1345E448B4BC}.Debug|Any CPU.Build.0 = Debug|Any CPU
		{F2731CCC-7773-4103-8D33-1345E448B4BC}.Release|Any CPU.ActiveCfg = Release|Any CPU
		{F2731CCC-7773-4103-8D33-1345E448B4BC}.Release|Any CPU.Build.0 = Release|Any CPU
		{9781013C-2385-4BF3-B076-E7D11077592D}.Debug|Any CPU.ActiveCfg = Debug|Any CPU
		{9781013C-2385-4BF3-B076-E7D11077592D}.Debug|Any CPU.Build.0 = Debug|Any CPU
		{9781013C-2385-4BF3-B076-E7D11077592D}.Release|Any CPU.ActiveCfg = Release|Any CPU
		{9781013C-2385-4BF3-B076-E7D11077592D}.Release|Any CPU.Build.0 = Release|Any CPU
		{B447E861-D8C6-478B-BB91-4E294A7193ED}.Debug|Any CPU.ActiveCfg = Debug|Any CPU
		{B447E861-D8C6-478B-BB91-4E294A7193ED}.Debug|Any CPU.Build.0 = Debug|Any CPU
		{B447E861-D8C6-478B-BB91-4E294A7193ED}.Release|Any CPU.ActiveCfg = Release|Any CPU
		{B447E861-D8C6-478B-BB91-4E294A7193ED}.Release|Any CPU.Build.0 = Release|Any CPU
	EndGlobalSection
	GlobalSection(SolutionProperties) = preSolution
		HideSolutionNode = FALSE
	EndGlobalSection
	GlobalSection(ExtensibilityGlobals) = postSolution
		SolutionGuid = {7F65F81A-CD75-48DF-9491-F72184251C0D}
	EndGlobalSection
EndGlobal
